
Microsoft Visual Studio Solution File, Format Version 11.00
# Visual Studio 2010
Project("{8BC9CEB8-8B4A-11D0-8D11-00A0C91BC942}") = "Jealousy", "Jealousy\Jealousy.vcxproj", "{1D00FE62-9E21-402A-9285-6A8DE543CABD}"
EndProject
Project("{8BC9CEB8-8B4A-11D0-8D11-00A0C91BC942}") = "yam2d", "..\yam2d\engine\yam2d.vcxproj", "{48CDA762-FEA3-4FF9-3D05-B05D6038CAD6}"
EndProject
Global
	GlobalSection(SolutionConfigurationPlatforms) = preSolution
		Debug|Win32 = Debug|Win32
		Release|Win32 = Release|Win32
	EndGlobalSection
	GlobalSection(ProjectConfigurationPlatforms) = postSolution
		{1D00FE62-9E21-402A-9285-6A8DE543CABD}.Debug|Win32.ActiveCfg = Debug|Win32
		{1D00FE62-9E21-402A-9285-6A8DE543CABD}.Debug|Win32.Build.0 = Debug|Win32
		{1D00FE62-9E21-402A-9285-6A8DE543CABD}.Release|Win32.ActiveCfg = Release|Win32
		{1D00FE62-9E21-402A-9285-6A8DE543CABD}.Release|Win32.Build.0 = Release|Win32
		{48CDA762-FEA3-4FF9-3D05-B05D6038CAD6}.Debug|Win32.ActiveCfg = Debug|Win32
		{48CDA762-FEA3-4FF9-3D05-B05D6038CAD6}.Debug|Win32.Build.0 = Debug|Win32
		{48CDA762-FEA3-4FF9-3D05-B05D6038CAD6}.Release|Win32.ActiveCfg = Release|Win32
		{48CDA762-FEA3-4FF9-3D05-B05D6038CAD6}.Release|Win32.Build.0 = Release|Win32
	EndGlobalSection
	GlobalSection(SolutionProperties) = preSolution
		HideSolutionNode = FALSE
	EndGlobalSection
EndGlobal
